
Microsoft Visual Studio Solution File, Format Version 12.00
# Visual Studio 15
VisualStudioVersion = 15.0.27428.2027
MinimumVisualStudioVersion = 10.0.40219.1
Project("{FAE04EC0-301F-11D3-BF4B-00C04F79EFBC}") = "WcfServiceMML", "WcfServiceMML\WcfServiceMML.csproj", "{4A8ED9D6-BBE0-4A4F-821D-D0528ED6A342}"
EndProject
Global
	GlobalSection(SolutionConfigurationPlatforms) = preSolution
		Debug|Any CPU = Debug|Any CPU
		Release|Any CPU = Release|Any CPU
	EndGlobalSection
	GlobalSection(ProjectConfigurationPlatforms) = postSolution
		{4A8ED9D6-BBE0-4A4F-821D-D0528ED6A342}.Debug|Any CPU.ActiveCfg = Debug|Any CPU
		{4A8ED9D6-BBE0-4A4F-821D-D0528ED6A342}.Debug|Any CPU.Build.0 = Debug|Any CPU
		{4A8ED9D6-BBE0-4A4F-821D-D0528ED6A342}.Release|Any CPU.ActiveCfg = Release|Any CPU
		{4A8ED9D6-BBE0-4A4F-821D-D0528ED6A342}.Release|Any CPU.Build.0 = Release|Any CPU
	EndGlobalSection
	GlobalSection(SolutionProperties) = preSolution
		HideSolutionNode = FALSE
	EndGlobalSection
	GlobalSection(ExtensibilityGlobals) = postSolution
		SolutionGuid = {F782BEC1-D327-4FDB-9B9D-2D43DA0BCF56}
	EndGlobalSection
EndGlobal
